# This file is automatically @generated by Cargo.
# It is not intended for manual editing.
version = 4

[[package]]
name = "conceptweave-domain"
version = "0.1.0"

[[package]]
name = "conceptweave-observation"
version = "0.1.0"
dependencies = [
 "conceptweave-source-port",
]

[[package]]
name = "conceptweave-source-port"
version = "0.1.0"
